
Microsoft Visual Studio Solution File, Format Version 12.00
# Visual Studio Version 17
VisualStudioVersion = 17.2.32516.85
MinimumVisualStudioVersion = 10.0.40219.1
Project("{FAE04EC0-301F-11D3-BF4B-00C04F79EFBC}") = "TP_Alarme_Nathan_Vrai", "TP_Alarme_Nathan_Vrai\TP_Alarme_Nathan_Vrai.csproj", "{9B03E011-6C09-4ECF-B1C6-7CE6A5554FBA}"
EndProject
Global
	GlobalSection(SolutionConfigurationPlatforms) = preSolution
		Debug|Any CPU = Debug|Any CPU
		Release|Any CPU = Release|Any CPU
	EndGlobalSection
	GlobalSection(ProjectConfigurationPlatforms) = postSolution
		{9B03E011-6C09-4ECF-B1C6-7CE6A5554FBA}.Debug|Any CPU.ActiveCfg = Debug|Any CPU
		{9B03E011-6C09-4ECF-B1C6-7CE6A5554FBA}.Debug|Any CPU.Build.0 = Debug|Any CPU
		{9B03E011-6C09-4ECF-B1C6-7CE6A5554FBA}.Release|Any CPU.ActiveCfg = Release|Any CPU
		{9B03E011-6C09-4ECF-B1C6-7CE6A5554FBA}.Release|Any CPU.Build.0 = Release|Any CPU
	EndGlobalSection
	GlobalSection(SolutionProperties) = preSolution
		HideSolutionNode = FALSE
	EndGlobalSection
	GlobalSection(ExtensibilityGlobals) = postSolution
		SolutionGuid = {19DCFBFC-5295-4F55-A32A-FB56CB4228D8}
	EndGlobalSection
EndGlobal
